Microsoft Visual Studio Solution File, Format Version 12.00
# Visual Studio Version 16
VisualStudioVersion = 16.0.28407.52
MinimumVisualStudioVersion = 10.0.40219.1
Project("{2150E333-8FDC-42A3-9474-1A3956D46DE8}") = ".config", ".config", "{1E56F8EA-0A93-4EA5-9EC6-400B24CAC531}"
	ProjectSection(SolutionItems) = preProject
		.appveyor.yml = .appveyor.yml
		.editorconfig = .editorconfig
		.gitattributes = .gitattributes
		.gitignore = .gitignore
		.gitmodules = .gitmodules
		cake.config = cake.config
		GitVersion.yml = GitVersion.yml
		global.json = global.json
		NuGet.config = NuGet.config
	EndProjectSection
EndProject
Project("{2150E333-8FDC-42A3-9474-1A3956D46DE8}") = ".build", ".build", "{2D7895AC-3F01-45F6-9F26-85F09B6F7E62}"
	ProjectSection(SolutionItems) = preProject
		build.ps1 = build.ps1
		cakefile.cake = cakefile.cake
		Common.Build.props = Common.Build.props
		Common.Build.targets = Common.Build.targets
	EndProjectSection
EndProject
Project("{2150E333-8FDC-42A3-9474-1A3956D46DE8}") = "src", "src", "{52F62811-7776-42E4-921F-E1F9202F8074}"
	ProjectSection(SolutionItems) = preProject
		src\Directory.Build.props = src\Directory.Build.props
	EndProjectSection
EndProject
Project("{2150E333-8FDC-42A3-9474-1A3956D46DE8}") = "test", "test", "{F2329C11-7A3F-4D18-A665-6FA91A922DBF}"
	ProjectSection(SolutionItems) = preProject
		test\Directory.Build.props = test\Directory.Build.props
		test\Directory.Build.targets = test\Directory.Build.targets
	EndProjectSection
EndProject
Project("{9A19103F-16F7-4668-BE54-9A1E7A4F7556}") = "Rocket.Surgery.Extensions.Logging", "src\Logging\Rocket.Surgery.Extensions.Logging.csproj", "{49AD5F02-6FE3-4099-B2F9-8DE373EEF8D4}"
EndProject
Project("{9A19103F-16F7-4668-BE54-9A1E7A4F7556}") = "Rocket.Surgery.Extensions.Logging.Abstractions", "src\Logging.Abstractions\Rocket.Surgery.Extensions.Logging.Abstractions.csproj", "{ADA1D346-D652-4D07-A3A2-04BDEF1866BE}"
EndProject
Project("{9A19103F-16F7-4668-BE54-9A1E7A4F7556}") = "Rocket.Surgery.Extensions.Logging.Tests", "test\Logging.Tests\Rocket.Surgery.Extensions.Logging.Tests.csproj", "{109760C6-15F7-4779-9E64-E59877EA9AB3}"
EndProject
Project("{9A19103F-16F7-4668-BE54-9A1E7A4F7556}") = "Rocket.Surgery.Extensions.Serilog", "src\Serilog\Rocket.Surgery.Extensions.Serilog.csproj", "{91D719D0-0D41-4BA7-BF27-05033A88B689}"
EndProject
Project("{9A19103F-16F7-4668-BE54-9A1E7A4F7556}") = "Rocket.Surgery.Extensions.Serilog.Abstractions", "src\Serilog.Abstractions\Rocket.Surgery.Extensions.Serilog.Abstractions.csproj", "{291E3147-EA92-4E6D-8BAA-52F5DE3B3F65}"
EndProject
Project("{9A19103F-16F7-4668-BE54-9A1E7A4F7556}") = "Rocket.Surgery.Extensions.Serilog.Tests", "test\Serilog.Tests\Rocket.Surgery.Extensions.Serilog.Tests.csproj", "{B60FDD81-49A1-453C-860A-DAFF11BB411A}"
EndProject
Project("{9A19103F-16F7-4668-BE54-9A1E7A4F7556}") = "Rocket.Surgery.Extensions.Serilog.Empowered", "src\Serilog.Empowered\Rocket.Surgery.Extensions.Serilog.Empowered.csproj", "{B4B84B17-6462-41B7-B563-984558CD7690}"
EndProject
Global
	GlobalSection(SolutionConfigurationPlatforms) = preSolution
		Debug|Any CPU = Debug|Any CPU
		Debug|x64 = Debug|x64
		Debug|x86 = Debug|x86
		Release|Any CPU = Release|Any CPU
		Release|x64 = Release|x64
		Release|x86 = Release|x86
	EndGlobalSection
	GlobalSection(ProjectConfigurationPlatforms) = postSolution
		{49AD5F02-6FE3-4099-B2F9-8DE373EEF8D4}.Debug|Any CPU.ActiveCfg = Debug|Any CPU
		{49AD5F02-6FE3-4099-B2F9-8DE373EEF8D4}.Debug|Any CPU.Build.0 = Debug|Any CPU
		{49AD5F02-6FE3-4099-B2F9-8DE373EEF8D4}.Debug|x64.ActiveCfg = Debug|Any CPU
		{49AD5F02-6FE3-4099-B2F9-8DE373EEF8D4}.Debug|x64.Build.0 = Debug|Any CPU
		{49AD5F02-6FE3-4099-B2F9-8DE373EEF8D4}.Debug|x86.ActiveCfg = Debug|Any CPU
		{49AD5F02-6FE3-4099-B2F9-8DE373EEF8D4}.Debug|x86.Build.0 = Debug|Any CPU
		{49AD5F02-6FE3-4099-B2F9-8DE373EEF8D4}.Release|Any CPU.ActiveCfg = Release|Any CPU
		{49AD5F02-6FE3-4099-B2F9-8DE373EEF8D4}.Release|Any CPU.Build.0 = Release|Any CPU
		{49AD5F02-6FE3-4099-B2F9-8DE373EEF8D4}.Release|x64.ActiveCfg = Release|Any CPU
		{49AD5F02-6FE3-4099-B2F9-8DE373EEF8D4}.Release|x64.Build.0 = Release|Any CPU
		{49AD5F02-6FE3-4099-B2F9-8DE373EEF8D4}.Release|x86.ActiveCfg = Release|Any CPU
		{49AD5F02-6FE3-4099-B2F9-8DE373EEF8D4}.Release|x86.Build.0 = Release|Any CPU
		{ADA1D346-D652-4D07-A3A2-04BDEF1866BE}.Debug|Any CPU.ActiveCfg = Debug|Any CPU
		{ADA1D346-D652-4D07-A3A2-04BDEF1866BE}.Debug|Any CPU.Build.0 = Debug|Any CPU
		{ADA1D346-D652-4D07-A3A2-04BDEF1866BE}.Debug|x64.ActiveCfg = Debug|Any CPU
		{ADA1D346-D652-4D07-A3A2-04BDEF1866BE}.Debug|x64.Build.0 = Debug|Any CPU
		{ADA1D346-D652-4D07-A3A2-04BDEF1866BE}.Debug|x86.ActiveCfg = Debug|Any CPU
		{ADA1D346-D652-4D07-A3A2-04BDEF1866BE}.Debug|x86.Build.0 = Debug|Any CPU
		{ADA1D346-D652-4D07-A3A2-04BDEF1866BE}.Release|Any CPU.ActiveCfg = Release|Any CPU
		{ADA1D346-D652-4D07-A3A2-04BDEF1866BE}.Release|Any CPU.Build.0 = Release|Any CPU
		{ADA1D346-D652-4D07-A3A2-04BDEF1866BE}.Release|x64.ActiveCfg = Release|Any CPU
		{ADA1D346-D652-4D07-A3A2-04BDEF1866BE}.Release|x64.Build.0 = Release|Any CPU
		{ADA1D346-D652-4D07-A3A2-04BDEF1866BE}.Release|x86.ActiveCfg = Release|Any CPU
		{ADA1D346-D652-4D07-A3A2-04BDEF1866BE}.Release|x86.Build.0 = Release|Any CPU
		{109760C6-15F7-4779-9E64-E59877EA9AB3}.Debug|Any CPU.ActiveCfg = Debug|Any CPU
		{109760C6-15F7-4779-9E64-E59877EA9AB3}.Debug|Any CPU.Build.0 = Debug|Any CPU
		{109760C6-15F7-4779-9E64-E59877EA9AB3}.Debug|x64.ActiveCfg = Debug|Any CPU
		{109760C6-15F7-4779-9E64-E59877EA9AB3}.Debug|x64.Build.0 = Debug|Any CPU
		{109760C6-15F7-4779-9E64-E59877EA9AB3}.Debug|x86.ActiveCfg = Debug|Any CPU
		{109760C6-15F7-4779-9E64-E59877EA9AB3}.Debug|x86.Build.0 = Debug|Any CPU
		{109760C6-15F7-4779-9E64-E59877EA9AB3}.Release|Any CPU.ActiveCfg = Release|Any CPU
		{109760C6-15F7-4779-9E64-E59877EA9AB3}.Release|Any CPU.Build.0 = Release|Any CPU
		{109760C6-15F7-4779-9E64-E59877EA9AB3}.Release|x64.ActiveCfg = Release|Any CPU
		{109760C6-15F7-4779-9E64-E59877EA9AB3}.Release|x64.Build.0 = Release|Any CPU
		{109760C6-15F7-4779-9E64-E59877EA9AB3}.Release|x86.ActiveCfg = Release|Any CPU
		{109760C6-15F7-4779-9E64-E59877EA9AB3}.Release|x86.Build.0 = Release|Any CPU
		{91D719D0-0D41-4BA7-BF27-05033A88B689}.Debug|Any CPU.ActiveCfg = Debug|Any CPU
		{91D719D0-0D41-4BA7-BF27-05033A88B689}.Debug|Any CPU.Build.0 = Debug|Any CPU
		{91D719D0-0D41-4BA7-BF27-05033A88B689}.Debug|x64.ActiveCfg = Debug|Any CPU
		{91D719D0-0D41-4BA7-BF27-05033A88B689}.Debug|x64.Build.0 = Debug|Any CPU
		{91D719D0-0D41-4BA7-BF27-05033A88B689}.Debug|x86.ActiveCfg = Debug|Any CPU
		{91D719D0-0D41-4BA7-BF27-05033A88B689}.Debug|x86.Build.0 = Debug|Any CPU
		{91D719D0-0D41-4BA7-BF27-05033A88B689}.Release|Any CPU.ActiveCfg = Release|Any CPU
		{91D719D0-0D41-4BA7-BF27-05033A88B689}.Release|Any CPU.Build.0 = Release|Any CPU
		{91D719D0-0D41-4BA7-BF27-05033A88B689}.Release|x64.ActiveCfg = Release|Any CPU
		{91D719D0-0D41-4BA7-BF27-05033A88B689}.Release|x64.Build.0 = Release|Any CPU
		{91D719D0-0D41-4BA7-BF27-05033A88B689}.Release|x86.ActiveCfg = Release|Any CPU
		{91D719D0-0D41-4BA7-BF27-05033A88B689}.Release|x86.Build.0 = Release|Any CPU
		{291E3147-EA92-4E6D-8BAA-52F5DE3B3F65}.Debug|Any CPU.ActiveCfg = Debug|Any CPU
		{291E3147-EA92-4E6D-8BAA-52F5DE3B3F65}.Debug|Any CPU.Build.0 = Debug|Any CPU
		{291E3147-EA92-4E6D-8BAA-52F5DE3B3F65}.Debug|x64.ActiveCfg = Debug|Any CPU
		{291E3147-EA92-4E6D-8BAA-52F5DE3B3F65}.Debug|x64.Build.0 = Debug|Any CPU
		{291E3147-EA92-4E6D-8BAA-52F5DE3B3F65}.Debug|x86.ActiveCfg = Debug|Any CPU
		{291E3147-EA92-4E6D-8BAA-52F5DE3B3F65}.Debug|x86.Build.0 = Debug|Any CPU
		{291E3147-EA92-4E6D-8BAA-52F5DE3B3F65}.Release|Any CPU.ActiveCfg = Release|Any CPU
		{291E3147-EA92-4E6D-8BAA-52F5DE3B3F65}.Release|Any CPU.Build.0 = Release|Any CPU
		{291E3147-EA92-4E6D-8BAA-52F5DE3B3F65}.Release|x64.ActiveCfg = Release|Any CPU
		{291E3147-EA92-4E6D-8BAA-52F5DE3B3F65}.Release|x64.Build.0 = Release|Any CPU
		{291E3147-EA92-4E6D-8BAA-52F5DE3B3F65}.Release|x86.ActiveCfg = Release|Any CPU
		{291E3147-EA92-4E6D-8BAA-52F5DE3B3F65}.Release|x86.Build.0 = Release|Any CPU
		{B60FDD81-49A1-453C-860A-DAFF11BB411A}.Debug|Any CPU.ActiveCfg = Debug|Any CPU
		{B60FDD81-49A1-453C-860A-DAFF11BB411A}.Debug|Any CPU.Build.0 = Debug|Any CPU
		{B60FDD81-49A1-453C-860A-DAFF11BB411A}.Debug|x64.ActiveCfg = Debug|Any CPU
		{B60FDD81-49A1-453C-860A-DAFF11BB411A}.Debug|x64.Build.0 = Debug|Any CPU
		{B60FDD81-49A1-453C-860A-DAFF11BB411A}.Debug|x86.ActiveCfg = Debug|Any CPU
		{B60FDD81-49A1-453C-860A-DAFF11BB411A}.Debug|x86.Build.0 = Debug|Any CPU
		{B60FDD81-49A1-453C-860A-DAFF11BB411A}.Release|Any CPU.ActiveCfg = Release|Any CPU
		{B60FDD81-49A1-453C-860A-DAFF11BB411A}.Release|Any CPU.Build.0 = Release|Any CPU
		{B60FDD81-49A1-453C-860A-DAFF11BB411A}.Release|x64.ActiveCfg = Release|Any CPU
		{B60FDD81-49A1-453C-860A-DAFF11BB411A}.Release|x64.Build.0 = Release|Any CPU
		{B60FDD81-49A1-453C-860A-DAFF11BB411A}.Release|x86.ActiveCfg = Release|Any CPU
		{B60FDD81-49A1-453C-860A-DAFF11BB411A}.Release|x86.Build.0 = Release|Any CPU
		{B4B84B17-6462-41B7-B563-984558CD7690}.Debug|Any CPU.ActiveCfg = Debug|Any CPU
		{B4B84B17-6462-41B7-B563-984558CD7690}.Debug|Any CPU.Build.0 = Debug|Any CPU
		{B4B84B17-6462-41B7-B563-984558CD7690}.Debug|x64.ActiveCfg = Debug|Any CPU
		{B4B84B17-6462-41B7-B563-984558CD7690}.Debug|x64.Build.0 = Debug|Any CPU
		{B4B84B17-6462-41B7-B563-984558CD7690}.Debug|x86.ActiveCfg = Debug|Any CPU
		{B4B84B17-6462-41B7-B563-984558CD7690}.Debug|x86.Build.0 = Debug|Any CPU
		{B4B84B17-6462-41B7-B563-984558CD7690}.Release|Any CPU.ActiveCfg = Release|Any CPU
		{B4B84B17-6462-41B7-B563-984558CD7690}.Release|Any CPU.Build.0 = Release|Any CPU
		{B4B84B17-6462-41B7-B563-984558CD7690}.Release|x64.ActiveCfg = Release|Any CPU
		{B4B84B17-6462-41B7-B563-984558CD7690}.Release|x64.Build.0 = Release|Any CPU
		{B4B84B17-6462-41B7-B563-984558CD7690}.Release|x86.ActiveCfg = Release|Any CPU
		{B4B84B17-6462-41B7-B563-984558CD7690}.Release|x86.Build.0 = Release|Any CPU
	EndGlobalSection
	GlobalSection(SolutionProperties) = preSolution
		HideSolutionNode = FALSE
	EndGlobalSection
	GlobalSection(NestedProjects) = preSolution
		{49AD5F02-6FE3-4099-B2F9-8DE373EEF8D4} = {52F62811-7776-42E4-921F-E1F9202F8074}
		{ADA1D346-D652-4D07-A3A2-04BDEF1866BE} = {52F62811-7776-42E4-921F-E1F9202F8074}
		{109760C6-15F7-4779-9E64-E59877EA9AB3} = {F2329C11-7A3F-4D18-A665-6FA91A922DBF}
		{91D719D0-0D41-4BA7-BF27-05033A88B689} = {52F62811-7776-42E4-921F-E1F9202F8074}
		{291E3147-EA92-4E6D-8BAA-52F5DE3B3F65} = {52F62811-7776-42E4-921F-E1F9202F8074}
		{B60FDD81-49A1-453C-860A-DAFF11BB411A} = {F2329C11-7A3F-4D18-A665-6FA91A922DBF}
		{B4B84B17-6462-41B7-B563-984558CD7690} = {52F62811-7776-42E4-921F-E1F9202F8074}
	EndGlobalSection
	GlobalSection(ExtensibilityGlobals) = postSolution
		SolutionGuid = {7EF3BE50-98BC-4A67-A514-EF6078B1DA37}
	EndGlobalSection
EndGlobal
